
Microsoft Visual Studio Solution File, Format Version 12.00
# Visual Studio Version 17
VisualStudioVersion = 17.8.34316.72
MinimumVisualStudioVersion = 10.0.40219.1
Project("{FAE04EC0-301F-11D3-BF4B-00C04F79EFBC}") = "ProductAPI", "ProductAPI.csproj", "{4DC5955E-A000-4FED-8619-874302F9B481}"
EndProject
Global
	GlobalSection(SolutionConfigurationPlatforms) = preSolution
		Debug|Any CPU = Debug|Any CPU
		Release|Any CPU = Release|Any CPU
	EndGlobalSection
	GlobalSection(ProjectConfigurationPlatforms) = postSolution
		{4DC5955E-A000-4FED-8619-874302F9B481}.Debug|Any CPU.ActiveCfg = Debug|Any CPU
		{4DC5955E-A000-4FED-8619-874302F9B481}.Debug|Any CPU.Build.0 = Debug|Any CPU
		{4DC5955E-A000-4FED-8619-874302F9B481}.Release|Any CPU.ActiveCfg = Release|Any CPU
		{4DC5955E-A000-4FED-8619-874302F9B481}.Release|Any CPU.Build.0 = Release|Any CPU
	EndGlobalSection
	GlobalSection(SolutionProperties) = preSolution
		HideSolutionNode = FALSE
	EndGlobalSection
	GlobalSection(ExtensibilityGlobals) = postSolution
		SolutionGuid = {ED53B2B0-3951-4FE8-B088-04F6B2FF9B89}
	EndGlobalSection
EndGlobal
